
Microsoft Visual Studio Solution File, Format Version 12.00
# Visual Studio Version 17
VisualStudioVersion = 17.8.34525.116
MinimumVisualStudioVersion = 10.0.40219.1
Project("{FAE04EC0-301F-11D3-BF4B-00C04F79EFBC}") = "Intro", "Intro\Intro.csproj", "{73615411-D021-43C9-8B0C-541EBC5D19E3}"
EndProject
Global
	GlobalSection(SolutionConfigurationPlatforms) = preSolution
		Debug|Any CPU = Debug|Any CPU
		Release|Any CPU = Release|Any CPU
	EndGlobalSection
	GlobalSection(ProjectConfigurationPlatforms) = postSolution
		{73615411-D021-43C9-8B0C-541EBC5D19E3}.Debug|Any CPU.ActiveCfg = Debug|Any CPU
		{73615411-D021-43C9-8B0C-541EBC5D19E3}.Debug|Any CPU.Build.0 = Debug|Any CPU
		{73615411-D021-43C9-8B0C-541EBC5D19E3}.Release|Any CPU.ActiveCfg = Release|Any CPU
		{73615411-D021-43C9-8B0C-541EBC5D19E3}.Release|Any CPU.Build.0 = Release|Any CPU
	EndGlobalSection
	GlobalSection(SolutionProperties) = preSolution
		HideSolutionNode = FALSE
	EndGlobalSection
	GlobalSection(ExtensibilityGlobals) = postSolution
		SolutionGuid = {0F43892C-45DE-4F82-A931-F09559BB582F}
	EndGlobalSection
EndGlobal
